
Microsoft Visual Studio Solution File, Format Version 12.00
# Visual Studio Version 16
VisualStudioVersion = 16.0.32901.82
MinimumVisualStudioVersion = 10.0.40219.1
Project("{FAE04EC0-301F-11D3-BF4B-00C04F79EFBC}") = "PizzaKonfApp", "PizzaKonfApp\PizzaKonfApp.csproj", "{13CE0554-8DFF-4B58-9ADF-7B4A2796BAC4}"
EndProject
Global
	GlobalSection(SolutionConfigurationPlatforms) = preSolution
		Debug|Any CPU = Debug|Any CPU
		Release|Any CPU = Release|Any CPU
	EndGlobalSection
	GlobalSection(ProjectConfigurationPlatforms) = postSolution
		{13CE0554-8DFF-4B58-9ADF-7B4A2796BAC4}.Debug|Any CPU.ActiveCfg = Debug|Any CPU
		{13CE0554-8DFF-4B58-9ADF-7B4A2796BAC4}.Debug|Any CPU.Build.0 = Debug|Any CPU
		{13CE0554-8DFF-4B58-9ADF-7B4A2796BAC4}.Release|Any CPU.ActiveCfg = Release|Any CPU
		{13CE0554-8DFF-4B58-9ADF-7B4A2796BAC4}.Release|Any CPU.Build.0 = Release|Any CPU
	EndGlobalSection
	GlobalSection(SolutionProperties) = preSolution
		HideSolutionNode = FALSE
	EndGlobalSection
	GlobalSection(ExtensibilityGlobals) = postSolution
		SolutionGuid = {59C36007-9C1D-4709-8CC8-BA82569BE61A}
	EndGlobalSection
EndGlobal
